<?xml version="1.0" encoding="utf-8"?>
<Project ToolsVersion="4.0" xmlns="http://schemas.microsoft.com/developer/msbuild/2003">
  <ItemGroup>
    <Filter Include="Uranus">
      <UniqueIdentifier>{E37F6BD6-CF21-96AC-B8DC-A900A41D1DFD}</UniqueIdentifier>
    </Filter>
  </ItemGroup>
  <ItemGroup>
    <ClInclude Include="src\Uranus.h" />
    <ClInclude Include="src\Uranus\Application.h">
      <Filter>Uranus</Filter>
    </ClInclude>
    <ClInclude Include="src\Uranus\Core.h">
      <Filter>Uranus</Filter>
    </ClInclude>
    <ClInclude Include="src\Uranus\EntryPoint.h">
      <Filter>Uranus</Filter>
    </ClInclude>
    <ClInclude Include="src\Uranus\Log.h">
      <Filter>Uranus</Filter>
    </ClInclude>
    <ClInclude Include="src\Uranus\Events\Event.h" />
    <ClInclude Include="src\Uranus\Events\KeyEvent.h" />
  </ItemGroup>
  <ItemGroup>
    <ClCompile Include="src\Uranus\Application.cpp">
      <Filter>Uranus</Filter>
    </ClCompile>
    <ClCompile Include="src\Uranus\Log.cpp">
      <Filter>Uranus</Filter>
    </ClCompile>
  </ItemGroup>
</Project>